
Microsoft Visual Studio Solution File, Format Version 12.00
# Visual Studio 15
VisualStudioVersion = 15.0.26228.4
MinimumVisualStudioVersion = 10.0.40219.1
Project("{FAE04EC0-301F-11D3-BF4B-00C04F79EFBC}") = "Zongsoft.Community.Web", "Zongsoft.Community.Web.csproj", "{52EBDF36-ABB5-4606-9551-5F886B03072D}"
EndProject
Project("{FAE04EC0-301F-11D3-BF4B-00C04F79EFBC}") = "Zongsoft.Community", "..\Zongsoft.Community.csproj", "{578D2452-C76E-4BBD-BE45-42A2E6D9FD5B}"
EndProject
Global
	GlobalSection(SolutionConfigurationPlatforms) = preSolution
		Debug|Any CPU = Debug|Any CPU
		Release|Any CPU = Release|Any CPU
	EndGlobalSection
	GlobalSection(ProjectConfigurationPlatforms) = postSolution
		{52EBDF36-ABB5-4606-9551-5F886B03072D}.Debug|Any CPU.ActiveCfg = Debug|Any CPU
		{52EBDF36-ABB5-4606-9551-5F886B03072D}.Debug|Any CPU.Build.0 = Debug|Any CPU
		{52EBDF36-ABB5-4606-9551-5F886B03072D}.Release|Any CPU.ActiveCfg = Release|Any CPU
		{52EBDF36-ABB5-4606-9551-5F886B03072D}.Release|Any CPU.Build.0 = Release|Any CPU
		{578D2452-C76E-4BBD-BE45-42A2E6D9FD5B}.Debug|Any CPU.ActiveCfg = Debug|Any CPU
		{578D2452-C76E-4BBD-BE45-42A2E6D9FD5B}.Debug|Any CPU.Build.0 = Debug|Any CPU
		{578D2452-C76E-4BBD-BE45-42A2E6D9FD5B}.Release|Any CPU.ActiveCfg = Release|Any CPU
		{578D2452-C76E-4BBD-BE45-42A2E6D9FD5B}.Release|Any CPU.Build.0 = Release|Any CPU
	EndGlobalSection
	GlobalSection(SolutionProperties) = preSolution
		HideSolutionNode = FALSE
	EndGlobalSection
EndGlobal
