
Microsoft Visual Studio Solution File, Format Version 12.00
# Visual Studio Version 16
VisualStudioVersion = 16.0.30114.105
MinimumVisualStudioVersion = 10.0.40219.1
Project("{FAE04EC0-301F-11D3-BF4B-00C04F79EFBC}") = "Zongsoft.Community", "Zongsoft.Community.csproj", "{578D2452-C76E-4BBD-BE45-42A2E6D9FD5B}"
EndProject
Project("{2150E333-8FDC-42A3-9474-1A3956D46DE8}") = "database", "database", "{30AC4796-DFDE-4DA6-8781-43789929AFAD}"
	ProjectSection(SolutionItems) = preProject
		..\database\Zongsoft.Community.mdf = ..\database\Zongsoft.Community.mdf
	EndProjectSection
EndProject
Global
	GlobalSection(SolutionConfigurationPlatforms) = preSolution
		Debug|Any CPU = Debug|Any CPU
		Release|Any CPU = Release|Any CPU
	EndGlobalSection
	GlobalSection(ProjectConfigurationPlatforms) = postSolution
		{578D2452-C76E-4BBD-BE45-42A2E6D9FD5B}.Debug|Any CPU.ActiveCfg = Debug|Any CPU
		{578D2452-C76E-4BBD-BE45-42A2E6D9FD5B}.Debug|Any CPU.Build.0 = Debug|Any CPU
		{578D2452-C76E-4BBD-BE45-42A2E6D9FD5B}.Release|Any CPU.ActiveCfg = Release|Any CPU
		{578D2452-C76E-4BBD-BE45-42A2E6D9FD5B}.Release|Any CPU.Build.0 = Release|Any CPU
	EndGlobalSection
	GlobalSection(SolutionProperties) = preSolution
		HideSolutionNode = FALSE
	EndGlobalSection
	GlobalSection(ExtensibilityGlobals) = postSolution
		SolutionGuid = {B67C07BB-7C22-4CD4-9EFD-304D07A9379A}
	EndGlobalSection
EndGlobal
